
Microsoft Visual Studio Solution File, Format Version 12.00
# Visual Studio 2017
Project("{FAE04EC0-301F-11D3-BF4B-00C04F79EFBC}") = "BardsTale", "BardsTale.csproj", "{34EEBA24-C85F-33A7-DC91-F561747A4B97}"
EndProject
Project("{FAE04EC0-301F-11D3-BF4B-00C04F79EFBC}") = "BardsTale.Editor", "BardsTale.Editor.csproj", "{F859C558-0740-971C-9A4C-6E97E80D2942}"
EndProject
Global
	GlobalSection(SolutionConfigurationPlatforms) = preSolution
		Debug|Any CPU = Debug|Any CPU
		Release|Any CPU = Release|Any CPU
	EndGlobalSection
	GlobalSection(ProjectConfigurationPlatforms) = postSolution
		{34EEBA24-C85F-33A7-DC91-F561747A4B97}.Debug|Any CPU.ActiveCfg = Debug|Any CPU
		{34EEBA24-C85F-33A7-DC91-F561747A4B97}.Debug|Any CPU.Build.0 = Debug|Any CPU
		{34EEBA24-C85F-33A7-DC91-F561747A4B97}.Release|Any CPU.ActiveCfg = Release|Any CPU
		{34EEBA24-C85F-33A7-DC91-F561747A4B97}.Release|Any CPU.Build.0 = Release|Any CPU
		{F859C558-0740-971C-9A4C-6E97E80D2942}.Debug|Any CPU.ActiveCfg = Debug|Any CPU
		{F859C558-0740-971C-9A4C-6E97E80D2942}.Debug|Any CPU.Build.0 = Debug|Any CPU
		{F859C558-0740-971C-9A4C-6E97E80D2942}.Release|Any CPU.ActiveCfg = Release|Any CPU
		{F859C558-0740-971C-9A4C-6E97E80D2942}.Release|Any CPU.Build.0 = Release|Any CPU
	EndGlobalSection
	GlobalSection(SolutionProperties) = preSolution
		HideSolutionNode = FALSE
	EndGlobalSection
EndGlobal
